// !$*UTF8*$!
{
	archiveVersion = 1;
	classes = {
	};
	objectVersion = 50;
	objects = {

/* Begin PBXBuildFile section */
		8B1832F724AC55FE00A90A93 /* MenuView.swift in Sources */ = {isa = PBXBuildFile; fileRef = 8B1832F624AC55FE00A90A93 /* MenuView.swift */; };
		8B391CC224ADAB5F0089B051 /* UpdateList.swift in Sources */ = {isa = PBXBuildFile; fileRef = 8B391CC124ADAB5F0089B051 /* UpdateList.swift */; };
		8B391CC424ADB0940089B051 /* UpdateDetail.swift in Sources */ = {isa = PBXBuildFile; fileRef = 8B391CC324ADB0940089B051 /* UpdateDetail.swift */; };
		8B391CC624AE6C6D0089B051 /* UpdateStore.swift in Sources */ = {isa = PBXBuildFile; fileRef = 8B391CC524AE6C6D0089B051 /* UpdateStore.swift */; };
		8B391CC824AE70D30089B051 /* TabBar.swift in Sources */ = {isa = PBXBuildFile; fileRef = 8B391CC724AE70D30089B051 /* TabBar.swift */; };
		8B792B5E24AD1C5B00A2003C /* Home.swift in Sources */ = {isa = PBXBuildFile; fileRef = 8B792B5D24AD1C5B00A2003C /* Home.swift */; };
		8B792B6024AD255700A2003C /* HomeView.swift in Sources */ = {isa = PBXBuildFile; fileRef = 8B792B5F24AD255700A2003C /* HomeView.swift */; };
		8B7CEDA424AFCF2B00F3B27A /* Modifiers.swift in Sources */ = {isa = PBXBuildFile; fileRef = 8B7CEDA324AFCF2B00F3B27A /* Modifiers.swift */; };
		8B7CEDBD24AFD21A00F3B27A /* WorkSans-VariableFont_wght.ttf in Resources */ = {isa = PBXBuildFile; fileRef = 8B7CEDA624AFD21A00F3B27A /* WorkSans-VariableFont_wght.ttf */; };
		8B7CEDBE24AFD21A00F3B27A /* WorkSans-Regular.ttf in Resources */ = {isa = PBXBuildFile; fileRef = 8B7CEDA824AFD21A00F3B27A /* WorkSans-Regular.ttf */; };
		8B7CEDBF24AFD21A00F3B27A /* WorkSans-Light.ttf in Resources */ = {isa = PBXBuildFile; fileRef = 8B7CEDA924AFD21A00F3B27A /* WorkSans-Light.ttf */; };
		8B7CEDC024AFD21A00F3B27A /* WorkSans-ExtraBold.ttf in Resources */ = {isa = PBXBuildFile; fileRef = 8B7CEDAA24AFD21A00F3B27A /* WorkSans-ExtraBold.ttf */; };
		8B7CEDC124AFD21A00F3B27A /* WorkSans-SemiBoldItalic.ttf in Resources */ = {isa = PBXBuildFile; fileRef = 8B7CEDAB24AFD21A00F3B27A /* WorkSans-SemiBoldItalic.ttf */; };
		8B7CEDC224AFD21A00F3B27A /* WorkSans-MediumItalic.ttf in Resources */ = {isa = PBXBuildFile; fileRef = 8B7CEDAC24AFD21A00F3B27A /* WorkSans-MediumItalic.ttf */; };
		8B7CEDC324AFD21A00F3B27A /* WorkSans-BoldItalic.ttf in Resources */ = {isa = PBXBuildFile; fileRef = 8B7CEDAD24AFD21A00F3B27A /* WorkSans-BoldItalic.ttf */; };
		8B7CEDC424AFD21A00F3B27A /* WorkSans-ExtraLight.ttf in Resources */ = {isa = PBXBuildFile; fileRef = 8B7CEDAE24AFD21A00F3B27A /* WorkSans-ExtraLight.ttf */; };
		8B7CEDC524AFD21A00F3B27A /* WorkSans-ThinItalic.ttf in Resources */ = {isa = PBXBuildFile; fileRef = 8B7CEDAF24AFD21A00F3B27A /* WorkSans-ThinItalic.ttf */; };
		8B7CEDC624AFD21A00F3B27A /* WorkSans-ExtraLightItalic.ttf in Resources */ = {isa = PBXBuildFile; fileRef = 8B7CEDB024AFD21A00F3B27A /* WorkSans-ExtraLightItalic.ttf */; };
		8B7CEDC724AFD21A00F3B27A /* WorkSans-Medium.ttf in Resources */ = {isa = PBXBuildFile; fileRef = 8B7CEDB124AFD21A00F3B27A /* WorkSans-Medium.ttf */; };
		8B7CEDC824AFD21A00F3B27A /* WorkSans-SemiBold.ttf in Resources */ = {isa = PBXBuildFile; fileRef = 8B7CEDB224AFD21A00F3B27A /* WorkSans-SemiBold.ttf */; };
		8B7CEDC924AFD21A00F3B27A /* WorkSans-Italic.ttf in Resources */ = {isa = PBXBuildFile; fileRef = 8B7CEDB324AFD21A00F3B27A /* WorkSans-Italic.ttf */; };
		8B7CEDCA24AFD21A00F3B27A /* WorkSans-BlackItalic.ttf in Resources */ = {isa = PBXBuildFile; fileRef = 8B7CEDB424AFD21A00F3B27A /* WorkSans-BlackItalic.ttf */; };
		8B7CEDCB24AFD21A00F3B27A /* WorkSans-Thin.ttf in Resources */ = {isa = PBXBuildFile; fileRef = 8B7CEDB524AFD21A00F3B27A /* WorkSans-Thin.ttf */; };
		8B7CEDCC24AFD21A00F3B27A /* WorkSans-Black.ttf in Resources */ = {isa = PBXBuildFile; fileRef = 8B7CEDB624AFD21A00F3B27A /* WorkSans-Black.ttf */; };
		8B7CEDCD24AFD21A00F3B27A /* WorkSans-LightItalic.ttf in Resources */ = {isa = PBXBuildFile; fileRef = 8B7CEDB724AFD21A00F3B27A /* WorkSans-LightItalic.ttf */; };
		8B7CEDCE24AFD21A00F3B27A /* WorkSans-ExtraBoldItalic.ttf in Resources */ = {isa = PBXBuildFile; fileRef = 8B7CEDB824AFD21A00F3B27A /* WorkSans-ExtraBoldItalic.ttf */; };
		8B7CEDCF24AFD21A00F3B27A /* WorkSans-Bold.ttf in Resources */ = {isa = PBXBuildFile; fileRef = 8B7CEDB924AFD21A00F3B27A /* WorkSans-Bold.ttf */; };
		8B7CEDD024AFD21A00F3B27A /* WorkSans-Italic-VariableFont_wght.ttf in Resources */ = {isa = PBXBuildFile; fileRef = 8B7CEDBA24AFD21A00F3B27A /* WorkSans-Italic-VariableFont_wght.ttf */; };
		8B7CEDD124AFD21A00F3B27A /* OFL.txt in Resources */ = {isa = PBXBuildFile; fileRef = 8B7CEDBB24AFD21A00F3B27A /* OFL.txt */; };
		8B7CEDD224AFD21A00F3B27A /* README.txt in Resources */ = {isa = PBXBuildFile; fileRef = 8B7CEDBC24AFD21A00F3B27A /* README.txt */; };
		8B7CEDD424AFDD3800F3B27A /* CourseList.swift in Sources */ = {isa = PBXBuildFile; fileRef = 8B7CEDD324AFDD3800F3B27A /* CourseList.swift */; };
		8BFFF46924AEA21E005B05EB /* RingView.swift in Sources */ = {isa = PBXBuildFile; fileRef = 8BFFF46824AEA21E005B05EB /* RingView.swift */; };
		BFF9A08124AAEBD900DC4C29 /* AppDelegate.swift in Sources */ = {isa = PBXBuildFile; fileRef = BFF9A08024AAEBD900DC4C29 /* AppDelegate.swift */; };
		BFF9A08324AAEBD900DC4C29 /* SceneDelegate.swift in Sources */ = {isa = PBXBuildFile; fileRef = BFF9A08224AAEBD900DC4C29 /* SceneDelegate.swift */; };
		BFF9A08524AAEBD900DC4C29 /* ContentView.swift in Sources */ = {isa = PBXBuildFile; fileRef = BFF9A08424AAEBD900DC4C29 /* ContentView.swift */; };
		BFF9A08724AAEBDB00DC4C29 /* Assets.xcassets in Resources */ = {isa = PBXBuildFile; fileRef = BFF9A08624AAEBDB00DC4C29 /* Assets.xcassets */; };
		BFF9A08A24AAEBDB00DC4C29 /* Preview Assets.xcassets in Resources */ = {isa = PBXBuildFile; fileRef = BFF9A08924AAEBDB00DC4C29 /* Preview Assets.xcassets */; };
		BFF9A08D24AAEBDB00DC4C29 /* LaunchScreen.storyboard in Resources */ = {isa = PBXBuildFile; fileRef = BFF9A08B24AAEBDB00DC4C29 /* LaunchScreen.storyboard */; };
/* End PBXBuildFile section */

/* Begin PBXFileReference section */
		8B1832F624AC55FE00A90A93 /* MenuView.swift */ = {isa = PBXFileReference; lastKnownFileType = sourcecode.swift; path = MenuView.swift; sourceTree = "<group>"; };
		8B391CC124ADAB5F0089B051 /* UpdateList.swift */ = {isa = PBXFileReference; lastKnownFileType = sourcecode.swift; path = UpdateList.swift; sourceTree = "<group>"; };
		8B391CC324ADB0940089B051 /* UpdateDetail.swift */ = {isa = PBXFileReference; lastKnownFileType = sourcecode.swift; path = UpdateDetail.swift; sourceTree = "<group>"; };
		8B391CC524AE6C6D0089B051 /* UpdateStore.swift */ = {isa = PBXFileReference; lastKnownFileType = sourcecode.swift; path = UpdateStore.swift; sourceTree = "<group>"; };
		8B391CC724AE70D30089B051 /* TabBar.swift */ = {isa = PBXFileReference; lastKnownFileType = sourcecode.swift; path = TabBar.swift; sourceTree = "<group>"; };
		8B792B5D24AD1C5B00A2003C /* Home.swift */ = {isa = PBXFileReference; lastKnownFileType = sourcecode.swift; path = Home.swift; sourceTree = "<group>"; };
		8B792B5F24AD255700A2003C /* HomeView.swift */ = {isa = PBXFileReference; lastKnownFileType = sourcecode.swift; path = HomeView.swift; sourceTree = "<group>"; };
		8B7CEDA324AFCF2B00F3B27A /* Modifiers.swift */ = {isa = PBXFileReference; lastKnownFileType = sourcecode.swift; path = Modifiers.swift; sourceTree = "<group>"; };
		8B7CEDA624AFD21A00F3B27A /* WorkSans-VariableFont_wght.ttf */ = {isa = PBXFileReference; lastKnownFileType = file; path = "WorkSans-VariableFont_wght.ttf"; sourceTree = "<group>"; };
		8B7CEDA824AFD21A00F3B27A /* WorkSans-Regular.ttf */ = {isa = PBXFileReference; lastKnownFileType = file; path = "WorkSans-Regular.ttf"; sourceTree = "<group>"; };
		8B7CEDA924AFD21A00F3B27A /* WorkSans-Light.ttf */ = {isa = PBXFileReference; lastKnownFileType = file; path = "WorkSans-Light.ttf"; sourceTree = "<group>"; };
		8B7CEDAA24AFD21A00F3B27A /* WorkSans-ExtraBold.ttf */ = {isa = PBXFileReference; lastKnownFileType = file; path = "WorkSans-ExtraBold.ttf"; sourceTree = "<group>"; };
		8B7CEDAB24AFD21A00F3B27A /* WorkSans-SemiBoldItalic.ttf */ = {isa = PBXFileReference; lastKnownFileType = file; path = "WorkSans-SemiBoldItalic.ttf"; sourceTree = "<group>"; };
		8B7CEDAC24AFD21A00F3B27A /* WorkSans-MediumItalic.ttf */ = {isa = PBXFileReference; lastKnownFileType = file; path = "WorkSans-MediumItalic.ttf"; sourceTree = "<group>"; };
		8B7CEDAD24AFD21A00F3B27A /* WorkSans-BoldItalic.ttf */ = {isa = PBXFileReference; lastKnownFileType = file; path = "WorkSans-BoldItalic.ttf"; sourceTree = "<group>"; };
		8B7CEDAE24AFD21A00F3B27A /* WorkSans-ExtraLight.ttf */ = {isa = PBXFileReference; lastKnownFileType = file; path = "WorkSans-ExtraLight.ttf"; sourceTree = "<group>"; };
		8B7CEDAF24AFD21A00F3B27A /* WorkSans-ThinItalic.ttf */ = {isa = PBXFileReference; lastKnownFileType = file; path = "WorkSans-ThinItalic.ttf"; sourceTree = "<group>"; };
		8B7CEDB024AFD21A00F3B27A /* WorkSans-ExtraLightItalic.ttf */ = {isa = PBXFileReference; lastKnownFileType = file; path = "WorkSans-ExtraLightItalic.ttf"; sourceTree = "<group>"; };
		8B7CEDB124AFD21A00F3B27A /* WorkSans-Medium.ttf */ = {isa = PBXFileReference; lastKnownFileType = file; path = "WorkSans-Medium.ttf"; sourceTree = "<group>"; };
		8B7CEDB224AFD21A00F3B27A /* WorkSans-SemiBold.ttf */ = {isa = PBXFileReference; lastKnownFileType = file; path = "WorkSans-SemiBold.ttf"; sourceTree = "<group>"; };
		8B7CEDB324AFD21A00F3B27A /* WorkSans-Italic.ttf */ = {isa = PBXFileReference; lastKnownFileType = file; path = "WorkSans-Italic.ttf"; sourceTree = "<group>"; };
		8B7CEDB424AFD21A00F3B27A /* WorkSans-BlackItalic.ttf */ = {isa = PBXFileReference; lastKnownFileType = file; path = "WorkSans-BlackItalic.ttf"; sourceTree = "<group>"; };
		8B7CEDB524AFD21A00F3B27A /* WorkSans-Thin.ttf */ = {isa = PBXFileReference; lastKnownFileType = file; path = "WorkSans-Thin.ttf"; sourceTree = "<group>"; };
		8B7CEDB624AFD21A00F3B27A /* WorkSans-Black.ttf */ = {isa = PBXFileReference; lastKnownFileType = file; path = "WorkSans-Black.ttf"; sourceTree = "<group>"; };
		8B7CEDB724AFD21A00F3B27A /* WorkSans-LightItalic.ttf */ = {isa = PBXFileReference; lastKnownFileType = file; path = "WorkSans-LightItalic.ttf"; sourceTree = "<group>"; };
		8B7CEDB824AFD21A00F3B27A /* WorkSans-ExtraBoldItalic.ttf */ = {isa = PBXFileReference; lastKnownFileType = file; path = "WorkSans-ExtraBoldItalic.ttf"; sourceTree = "<group>"; };
		8B7CEDB924AFD21A00F3B27A /* WorkSans-Bold.ttf */ = {isa = PBXFileReference; lastKnownFileType = file; path = "WorkSans-Bold.ttf"; sourceTree = "<group>"; };
		8B7CEDBA24AFD21A00F3B27A /* WorkSans-Italic-VariableFont_wght.ttf */ = {isa = PBXFileReference; lastKnownFileType = file; path = "WorkSans-Italic-VariableFont_wght.ttf"; sourceTree = "<group>"; };
		8B7CEDBB24AFD21A00F3B27A /* OFL.txt */ = {isa = PBXFileReference; fileEncoding = 4; lastKnownFileType = text; path = OFL.txt; sourceTree = "<group>"; };
		8B7CEDBC24AFD21A00F3B27A /* README.txt */ = {isa = PBXFileReference; fileEncoding = 4; lastKnownFileType = text; path = README.txt; sourceTree = "<group>"; };
		8B7CEDD324AFDD3800F3B27A /* CourseList.swift */ = {isa = PBXFileReference; lastKnownFileType = sourcecode.swift; path = CourseList.swift; sourceTree = "<group>"; };
		8BFFF46824AEA21E005B05EB /* RingView.swift */ = {isa = PBXFileReference; lastKnownFileType = sourcecode.swift; path = RingView.swift; sourceTree = "<group>"; };
		BFF9A07D24AAEBD900DC4C29 /* designcode.app */ = {isa = PBXFileReference; explicitFileType = wrapper.application; includeInIndex = 0; path = designcode.app; sourceTree = BUILT_PRODUCTS_DIR; };
		BFF9A08024AAEBD900DC4C29 /* AppDelegate.swift */ = {isa = PBXFileReference; lastKnownFileType = sourcecode.swift; path = AppDelegate.swift; sourceTree = "<group>"; };
		BFF9A08224AAEBD900DC4C29 /* SceneDelegate.swift */ = {isa = PBXFileReference; lastKnownFileType = sourcecode.swift; path = SceneDelegate.swift; sourceTree = "<group>"; };
		BFF9A08424AAEBD900DC4C29 /* ContentView.swift */ = {isa = PBXFileReference; lastKnownFileType = sourcecode.swift; path = ContentView.swift; sourceTree = "<group>"; };
		BFF9A08624AAEBDB00DC4C29 /* Assets.xcassets */ = {isa = PBXFileReference; lastKnownFileType = folder.assetcatalog; path = Assets.xcassets; sourceTree = "<group>"; };
		BFF9A08924AAEBDB00DC4C29 /* Preview Assets.xcassets */ = {isa = PBXFileReference; lastKnownFileType = folder.assetcatalog; path = "Preview Assets.xcassets"; sourceTree = "<group>"; };
		BFF9A08C24AAEBDB00DC4C29 /* Base */ = {isa = PBXFileReference; lastKnownFileType = file.storyboard; name = Base; path = Base.lproj/LaunchScreen.storyboard; sourceTree = "<group>"; };
		BFF9A08E24AAEBDB00DC4C29 /* Info.plist */ = {isa = PBXFileReference; lastKnownFileType = text.plist.xml; path = Info.plist; sourceTree = "<group>"; };
/* End PBXFileReference section */

/* Begin PBXFrameworksBuildPhase section */
		BFF9A07A24AAEBD900DC4C29 /* Frameworks */ = {
			isa = PBXFrameworksBuildPhase;
			buildActionMask = 2147483647;
			files = (
			);
			runOnlyForDeploymentPostprocessing = 0;
		};
/* End PBXFrameworksBuildPhase section */

/* Begin PBXGroup section */
		8B7CEDA524AFD21A00F3B27A /* Work_Sans */ = {
			isa = PBXGroup;
			children = (
				8B7CEDA624AFD21A00F3B27A /* WorkSans-VariableFont_wght.ttf */,
				8B7CEDA724AFD21A00F3B27A /* static */,
				8B7CEDBA24AFD21A00F3B27A /* WorkSans-Italic-VariableFont_wght.ttf */,
				8B7CEDBB24AFD21A00F3B27A /* OFL.txt */,
				8B7CEDBC24AFD21A00F3B27A /* README.txt */,
			);
			path = Work_Sans;
			sourceTree = "<group>";
		};
		8B7CEDA724AFD21A00F3B27A /* static */ = {
			isa = PBXGroup;
			children = (
				8B7CEDA824AFD21A00F3B27A /* WorkSans-Regular.ttf */,
				8B7CEDA924AFD21A00F3B27A /* WorkSans-Light.ttf */,
				8B7CEDAA24AFD21A00F3B27A /* WorkSans-ExtraBold.ttf */,
				8B7CEDAB24AFD21A00F3B27A /* WorkSans-SemiBoldItalic.ttf */,
				8B7CEDAC24AFD21A00F3B27A /* WorkSans-MediumItalic.ttf */,
				8B7CEDAD24AFD21A00F3B27A /* WorkSans-BoldItalic.ttf */,
				8B7CEDAE24AFD21A00F3B27A /* WorkSans-ExtraLight.ttf */,
				8B7CEDAF24AFD21A00F3B27A /* WorkSans-ThinItalic.ttf */,
				8B7CEDB024AFD21A00F3B27A /* WorkSans-ExtraLightItalic.ttf */,
				8B7CEDB124AFD21A00F3B27A /* WorkSans-Medium.ttf */,
				8B7CEDB224AFD21A00F3B27A /* WorkSans-SemiBold.ttf */,
				8B7CEDB324AFD21A00F3B27A /* WorkSans-Italic.ttf */,
				8B7CEDB424AFD21A00F3B27A /* WorkSans-BlackItalic.ttf */,
				8B7CEDB524AFD21A00F3B27A /* WorkSans-Thin.ttf */,
				8B7CEDB624AFD21A00F3B27A /* WorkSans-Black.ttf */,
				8B7CEDB724AFD21A00F3B27A /* WorkSans-LightItalic.ttf */,
				8B7CEDB824AFD21A00F3B27A /* WorkSans-ExtraBoldItalic.ttf */,
				8B7CEDB924AFD21A00F3B27A /* WorkSans-Bold.ttf */,
			);
			path = static;
			sourceTree = "<group>";
		};
		BFF9A07424AAEBD900DC4C29 = {
			isa = PBXGroup;
			children = (
				BFF9A07F24AAEBD900DC4C29 /* designcode */,
				BFF9A07E24AAEBD900DC4C29 /* Products */,
			);
			sourceTree = "<group>";
		};
		BFF9A07E24AAEBD900DC4C29 /* Products */ = {
			isa = PBXGroup;
			children = (
				BFF9A07D24AAEBD900DC4C29 /* designcode.app */,
			);
			name = Products;
			sourceTree = "<group>";
		};
		BFF9A07F24AAEBD900DC4C29 /* designcode */ = {
			isa = PBXGroup;
			children = (
				BFF9A08024AAEBD900DC4C29 /* AppDelegate.swift */,
				BFF9A08224AAEBD900DC4C29 /* SceneDelegate.swift */,
				BFF9A08424AAEBD900DC4C29 /* ContentView.swift */,
				8BFFF46824AEA21E005B05EB /* RingView.swift */,
				8B7CEDA324AFCF2B00F3B27A /* Modifiers.swift */,
				8B792B5D24AD1C5B00A2003C /* Home.swift */,
				8B792B5F24AD255700A2003C /* HomeView.swift */,
				8B7CEDD324AFDD3800F3B27A /* CourseList.swift */,
				8B1832F624AC55FE00A90A93 /* MenuView.swift */,
				8B391CC124ADAB5F0089B051 /* UpdateList.swift */,
				8B391CC324ADB0940089B051 /* UpdateDetail.swift */,
				8B391CC524AE6C6D0089B051 /* UpdateStore.swift */,
				8B391CC724AE70D30089B051 /* TabBar.swift */,
				BFF9A08624AAEBDB00DC4C29 /* Assets.xcassets */,
				8B7CEDA524AFD21A00F3B27A /* Work_Sans */,
				BFF9A08B24AAEBDB00DC4C29 /* LaunchScreen.storyboard */,
				BFF9A08E24AAEBDB00DC4C29 /* Info.plist */,
				BFF9A08824AAEBDB00DC4C29 /* Preview Content */,
			);
			path = designcode;
			sourceTree = "<group>";
		};
		BFF9A08824AAEBDB00DC4C29 /* Preview Content */ = {
			isa = PBXGroup;
			children = (
				BFF9A08924AAEBDB00DC4C29 /* Preview Assets.xcassets */,
			);
			path = "Preview Content";
			sourceTree = "<group>";
		};
/* End PBXGroup section */

/* Begin PBXNativeTarget section */
		BFF9A07C24AAEBD900DC4C29 /* designcode */ = {
			isa = PBXNativeTarget;
			buildConfigurationList = BFF9A09124AAEBDB00DC4C29 /* Build configuration list for PBXNativeTarget "designcode" */;
			buildPhases = (
				BFF9A07924AAEBD900DC4C29 /* Sources */,
				BFF9A07A24AAEBD900DC4C29 /* Frameworks */,
				BFF9A07B24AAEBD900DC4C29 /* Resources */,
			);
			buildRules = (
			);
			dependencies = (
			);
			name = designcode;
			productName = designcode;
			productReference = BFF9A07D24AAEBD900DC4C29 /* designcode.app */;
			productType = "com.apple.product-type.application";
		};
/* End PBXNativeTarget section */

/* Begin PBXProject section */
		BFF9A07524AAEBD900DC4C29 /* Project object */ = {
			isa = PBXProject;
			attributes = {
				LastSwiftUpdateCheck = 1130;
				LastUpgradeCheck = 1130;
				ORGANIZATIONNAME = "Diego Vega";
				TargetAttributes = {
					BFF9A07C24AAEBD900DC4C29 = {
						CreatedOnToolsVersion = 11.3.1;
					};
				};
			};
			buildConfigurationList = BFF9A07824AAEBD900DC4C29 /* Build configuration list for PBXProject "designcode" */;
			compatibilityVersion = "Xcode 9.3";
			developmentRegion = en;
			hasScannedForEncodings = 0;
			knownRegions = (
				en,
				Base,
			);
			mainGroup = BFF9A07424AAEBD900DC4C29;
			productRefGroup = BFF9A07E24AAEBD900DC4C29 /* Products */;
			projectDirPath = "";
			projectRoot = "";
			targets = (
				BFF9A07C24AAEBD900DC4C29 /* designcode */,
			);
		};
/* End PBXProject section */

/* Begin PBXResourcesBuildPhase section */
		BFF9A07B24AAEBD900DC4C29 /* Resources */ = {
			isa = PBXResourcesBuildPhase;
			buildActionMask = 2147483647;
			files = (
				8B7CEDC824AFD21A00F3B27A /* WorkSans-SemiBold.ttf in Resources */,
				BFF9A08D24AAEBDB00DC4C29 /* LaunchScreen.storyboard in Resources */,
				8B7CEDCC24AFD21A00F3B27A /* WorkSans-Black.ttf in Resources */,
				8B7CEDC224AFD21A00F3B27A /* WorkSans-MediumItalic.ttf in Resources */,
				8B7CEDCB24AFD21A00F3B27A /* WorkSans-Thin.ttf in Resources */,
				8B7CEDC124AFD21A00F3B27A /* WorkSans-SemiBoldItalic.ttf in Resources */,
				8B7CEDD124AFD21A00F3B27A /* OFL.txt in Resources */,
				8B7CEDC324AFD21A00F3B27A /* WorkSans-BoldItalic.ttf in Resources */,
				8B7CEDCF24AFD21A00F3B27A /* WorkSans-Bold.ttf in Resources */,
				8B7CEDBF24AFD21A00F3B27A /* WorkSans-Light.ttf in Resources */,
				8B7CEDCA24AFD21A00F3B27A /* WorkSans-BlackItalic.ttf in Resources */,
				8B7CEDCE24AFD21A00F3B27A /* WorkSans-ExtraBoldItalic.ttf in Resources */,
				8B7CEDC724AFD21A00F3B27A /* WorkSans-Medium.ttf in Resources */,
				8B7CEDC524AFD21A00F3B27A /* WorkSans-ThinItalic.ttf in Resources */,
				8B7CEDD224AFD21A00F3B27A /* README.txt in Resources */,
				8B7CEDC424AFD21A00F3B27A /* WorkSans-ExtraLight.ttf in Resources */,
				8B7CEDC024AFD21A00F3B27A /* WorkSans-ExtraBold.ttf in Resources */,
				8B7CEDC924AFD21A00F3B27A /* WorkSans-Italic.ttf in Resources */,
				8B7CEDD024AFD21A00F3B27A /* WorkSans-Italic-VariableFont_wght.ttf in Resources */,
				8B7CEDBD24AFD21A00F3B27A /* WorkSans-VariableFont_wght.ttf in Resources */,
				8B7CEDC624AFD21A00F3B27A /* WorkSans-ExtraLightItalic.ttf in Resources */,
				BFF9A08A24AAEBDB00DC4C29 /* Preview Assets.xcassets in Resources */,
				BFF9A08724AAEBDB00DC4C29 /* Assets.xcassets in Resources */,
				8B7CEDBE24AFD21A00F3B27A /* WorkSans-Regular.ttf in Resources */,
				8B7CEDCD24AFD21A00F3B27A /* WorkSans-LightItalic.ttf in Resources */,
			);
			runOnlyForDeploymentPostprocessing = 0;
		};
/* End PBXResourcesBuildPhase section */

/* Begin PBXSourcesBuildPhase section */
		BFF9A07924AAEBD900DC4C29 /* Sources */ = {
			isa = PBXSourcesBuildPhase;
			buildActionMask = 2147483647;
			files = (
				BFF9A08124AAEBD900DC4C29 /* AppDelegate.swift in Sources */,
				8B391CC624AE6C6D0089B051 /* UpdateStore.swift in Sources */,
				8B391CC224ADAB5F0089B051 /* UpdateList.swift in Sources */,
				8B1832F724AC55FE00A90A93 /* MenuView.swift in Sources */,
				8B7CEDA424AFCF2B00F3B27A /* Modifiers.swift in Sources */,
				8B391CC424ADB0940089B051 /* UpdateDetail.swift in Sources */,
				8BFFF46924AEA21E005B05EB /* RingView.swift in Sources */,
				8B792B5E24AD1C5B00A2003C /* Home.swift in Sources */,
				8B792B6024AD255700A2003C /* HomeView.swift in Sources */,
				BFF9A08324AAEBD900DC4C29 /* SceneDelegate.swift in Sources */,
				BFF9A08524AAEBD900DC4C29 /* ContentView.swift in Sources */,
				8B391CC824AE70D30089B051 /* TabBar.swift in Sources */,
				8B7CEDD424AFDD3800F3B27A /* CourseList.swift in Sources */,
			);
			runOnlyForDeploymentPostprocessing = 0;
		};
/* End PBXSourcesBuildPhase section */

/* Begin PBXVariantGroup section */
		BFF9A08B24AAEBDB00DC4C29 /* LaunchScreen.storyboard */ = {
			isa = PBXVariantGroup;
			children = (
				BFF9A08C24AAEBDB00DC4C29 /* Base */,
			);
			name = LaunchScreen.storyboard;
			sourceTree = "<group>";
		};
/* End PBXVariantGroup section */

/* Begin XCBuildConfiguration section */
		BFF9A08F24AAEBDB00DC4C29 /* Debug */ = {
			isa = XCBuildConfiguration;
			buildSettings = {
				ALWAYS_SEARCH_USER_PATHS = NO;
				CLANG_ANALYZER_NONNULL = YES;
				CLANG_ANALYZER_NUMBER_OBJECT_CONVERSION = YES_AGGRESSIVE;
				CLANG_CXX_LANGUAGE_STANDARD = "gnu++14";
				CLANG_CXX_LIBRARY = "libc++";
				CLANG_ENABLE_MODULES = YES;
				CLANG_ENABLE_OBJC_ARC = YES;
				CLANG_ENABLE_OBJC_WEAK = YES;
				CLANG_WARN_BLOCK_CAPTURE_AUTORELEASING = YES;
				CLANG_WARN_BOOL_CONVERSION = YES;
				CLANG_WARN_COMMA = YES;
				CLANG_WARN_CONSTANT_CONVERSION = YES;
				CLANG_WARN_DEPRECATED_OBJC_IMPLEMENTATIONS = YES;
				CLANG_WARN_DIRECT_OBJC_ISA_USAGE = YES_ERROR;
				CLANG_WARN_DOCUMENTATION_COMMENTS = YES;
				CLANG_WARN_EMPTY_BODY = YES;
				CLANG_WARN_ENUM_CONVERSION = YES;
				CLANG_WARN_INFINITE_RECURSION = YES;
				CLANG_WARN_INT_CONVERSION = YES;
				CLANG_WARN_NON_LITERAL_NULL_CONVERSION = YES;
				CLANG_WARN_OBJC_IMPLICIT_RETAIN_SELF = YES;
				CLANG_WARN_OBJC_LITERAL_CONVERSION = YES;
				CLANG_WARN_OBJC_ROOT_CLASS = YES_ERROR;
				CLANG_WARN_RANGE_LOOP_ANALYSIS = YES;
				CLANG_WARN_STRICT_PROTOTYPES = YES;
				CLANG_WARN_SUSPICIOUS_MOVE = YES;
				CLANG_WARN_UNGUARDED_AVAILABILITY = YES_AGGRESSIVE;
				CLANG_WARN_UNREACHABLE_CODE = YES;
				CLANG_WARN__DUPLICATE_METHOD_MATCH = YES;
				COPY_PHASE_STRIP = NO;
				DEBUG_INFORMATION_FORMAT = dwarf;
				ENABLE_STRICT_OBJC_MSGSEND = YES;
				ENABLE_TESTABILITY = YES;
				GCC_C_LANGUAGE_STANDARD = gnu11;
				GCC_DYNAMIC_NO_PIC = NO;
				GCC_NO_COMMON_BLOCKS = YES;
				GCC_OPTIMIZATION_LEVEL = 0;
				GCC_PREPROCESSOR_DEFINITIONS = (
					"DEBUG=1",
					"$(inherited)",
				);
				GCC_WARN_64_TO_32_BIT_CONVERSION = YES;
				GCC_WARN_ABOUT_RETURN_TYPE = YES_ERROR;
				GCC_WARN_UNDECLARED_SELECTOR = YES;
				GCC_WARN_UNINITIALIZED_AUTOS = YES_AGGRESSIVE;
				GCC_WARN_UNUSED_FUNCTION = YES;
				GCC_WARN_UNUSED_VARIABLE = YES;
				IPHONEOS_DEPLOYMENT_TARGET = 13.2;
				MTL_ENABLE_DEBUG_INFO = INCLUDE_SOURCE;
				MTL_FAST_MATH = YES;
				ONLY_ACTIVE_ARCH = YES;
				SDKROOT = iphoneos;
				SWIFT_ACTIVE_COMPILATION_CONDITIONS = DEBUG;
				SWIFT_OPTIMIZATION_LEVEL = "-Onone";
			};
			name = Debug;
		};
		BFF9A09024AAEBDB00DC4C29 /* Release */ = {
			isa = XCBuildConfiguration;
			buildSettings = {
				ALWAYS_SEARCH_USER_PATHS = NO;
				CLANG_ANALYZER_NONNULL = YES;
				CLANG_ANALYZER_NUMBER_OBJECT_CONVERSION = YES_AGGRESSIVE;
				CLANG_CXX_LANGUAGE_STANDARD = "gnu++14";
				CLANG_CXX_LIBRARY = "libc++";
				CLANG_ENABLE_MODULES = YES;
				CLANG_ENABLE_OBJC_ARC = YES;
				CLANG_ENABLE_OBJC_WEAK = YES;
				CLANG_WARN_BLOCK_CAPTURE_AUTORELEASING = YES;
				CLANG_WARN_BOOL_CONVERSION = YES;
				CLANG_WARN_COMMA = YES;
				CLANG_WARN_CONSTANT_CONVERSION = YES;
				CLANG_WARN_DEPRECATED_OBJC_IMPLEMENTATIONS = YES;
				CLANG_WARN_DIRECT_OBJC_ISA_USAGE = YES_ERROR;
				CLANG_WARN_DOCUMENTATION_COMMENTS = YES;
				CLANG_WARN_EMPTY_BODY = YES;
				CLANG_WARN_ENUM_CONVERSION = YES;
				CLANG_WARN_INFINITE_RECURSION = YES;
				CLANG_WARN_INT_CONVERSION = YES;
				CLANG_WARN_NON_LITERAL_NULL_CONVERSION = YES;
				CLANG_WARN_OBJC_IMPLICIT_RETAIN_SELF = YES;
				CLANG_WARN_OBJC_LITERAL_CONVERSION = YES;
				CLANG_WARN_OBJC_ROOT_CLASS = YES_ERROR;
				CLANG_WARN_RANGE_LOOP_ANALYSIS = YES;
				CLANG_WARN_STRICT_PROTOTYPES = YES;
				CLANG_WARN_SUSPICIOUS_MOVE = YES;
				CLANG_WARN_UNGUARDED_AVAILABILITY = YES_AGGRESSIVE;
				CLANG_WARN_UNREACHABLE_CODE = YES;
				CLANG_WARN__DUPLICATE_METHOD_MATCH = YES;
				COPY_PHASE_STRIP = NO;
				DEBUG_INFORMATION_FORMAT = "dwarf-with-dsym";
				ENABLE_NS_ASSERTIONS = NO;
				ENABLE_STRICT_OBJC_MSGSEND = YES;
				GCC_C_LANGUAGE_STANDARD = gnu11;
				GCC_NO_COMMON_BLOCKS = YES;
				GCC_WARN_64_TO_32_BIT_CONVERSION = YES;
				GCC_WARN_ABOUT_RETURN_TYPE = YES_ERROR;
				GCC_WARN_UNDECLARED_SELECTOR = YES;
				GCC_WARN_UNINITIALIZED_AUTOS = YES_AGGRESSIVE;
				GCC_WARN_UNUSED_FUNCTION = YES;
				GCC_WARN_UNUSED_VARIABLE = YES;
				IPHONEOS_DEPLOYMENT_TARGET = 13.2;
				MTL_ENABLE_DEBUG_INFO = NO;
				MTL_FAST_MATH = YES;
				SDKROOT = iphoneos;
				SWIFT_COMPILATION_MODE = wholemodule;
				SWIFT_OPTIMIZATION_LEVEL = "-O";
				VALIDATE_PRODUCT = YES;
			};
			name = Release;
		};
		BFF9A09224AAEBDB00DC4C29 /* Debug */ = {
			isa = XCBuildConfiguration;
			buildSettings = {
				ASSETCATALOG_COMPILER_APPICON_NAME = AppIcon;
				CODE_SIGN_STYLE = Automatic;
				DEVELOPMENT_ASSET_PATHS = "\"designcode/Preview Content\"";
				DEVELOPMENT_TEAM = 9K9CL9S4W7;
				ENABLE_PREVIEWS = YES;
				INFOPLIST_FILE = designcode/Info.plist;
				LD_RUNPATH_SEARCH_PATHS = (
					"$(inherited)",
					"@executable_path/Frameworks",
				);
				PRODUCT_BUNDLE_IDENTIFIER = "edu.csumb-divegamaravilla.designcode";
				PRODUCT_NAME = "$(TARGET_NAME)";
				SWIFT_VERSION = 5.0;
				TARGETED_DEVICE_FAMILY = "1,2";
			};
			name = Debug;
		};
		BFF9A09324AAEBDB00DC4C29 /* Release */ = {
			isa = XCBuildConfiguration;
			buildSettings = {
				ASSETCATALOG_COMPILER_APPICON_NAME = AppIcon;
				CODE_SIGN_STYLE = Automatic;
				DEVELOPMENT_ASSET_PATHS = "\"designcode/Preview Content\"";
				DEVELOPMENT_TEAM = 9K9CL9S4W7;
				ENABLE_PREVIEWS = YES;
				INFOPLIST_FILE = designcode/Info.plist;
				LD_RUNPATH_SEARCH_PATHS = (
					"$(inherited)",
					"@executable_path/Frameworks",
				);
				PRODUCT_BUNDLE_IDENTIFIER = "edu.csumb-divegamaravilla.designcode";
				PRODUCT_NAME = "$(TARGET_NAME)";
				SWIFT_VERSION = 5.0;
				TARGETED_DEVICE_FAMILY = "1,2";
			};
			name = Release;
		};
/* End XCBuildConfiguration section */

/* Begin XCConfigurationList section */
		BFF9A07824AAEBD900DC4C29 /* Build configuration list for PBXProject "designcode" */ = {
			isa = XCConfigurationList;
			buildConfigurations = (
				BFF9A08F24AAEBDB00DC4C29 /* Debug */,
				BFF9A09024AAEBDB00DC4C29 /* Release */,
			);
			defaultConfigurationIsVisible = 0;
			defaultConfigurationName = Release;
		};
		BFF9A09124AAEBDB00DC4C29 /* Build configuration list for PBXNativeTarget "designcode" */ = {
			isa = XCConfigurationList;
			buildConfigurations = (
				BFF9A09224AAEBDB00DC4C29 /* Debug */,
				BFF9A09324AAEBDB00DC4C29 /* Release */,
			);
			defaultConfigurationIsVisible = 0;
			defaultConfigurationName = Release;
		};
/* End XCConfigurationList section */
	};
	rootObject = BFF9A07524AAEBD900DC4C29 /* Project object */;
}
